
Microsoft Visual Studio Solution File, Format Version 12.00
# Visual Studio Version 16
VisualStudioVersion = 16.0.32428.217
MinimumVisualStudioVersion = 10.0.40219.1
Project("{9A19103F-16F7-4668-BE54-9A1E7A4F7556}") = "WpfApp2", "WpfApp2\WpfApp2.csproj", "{05244779-B7EE-4279-AE0D-74D06D94CBAD}"
EndProject
Project("{FAE04EC0-301F-11D3-BF4B-00C04F79EFBC}") = "WpfApp1", "WpfApp1\WpfApp1.csproj", "{8C45851B-EC3D-43A8-BC2A-5EFA8F48EBFF}"
EndProject
Global
	GlobalSection(SolutionConfigurationPlatforms) = preSolution
		Debug|Any CPU = Debug|Any CPU
		Release|Any CPU = Release|Any CPU
	EndGlobalSection
	GlobalSection(ProjectConfigurationPlatforms) = postSolution
		{05244779-B7EE-4279-AE0D-74D06D94CBAD}.Debug|Any CPU.ActiveCfg = Debug|Any CPU
		{05244779-B7EE-4279-AE0D-74D06D94CBAD}.Debug|Any CPU.Build.0 = Debug|Any CPU
		{05244779-B7EE-4279-AE0D-74D06D94CBAD}.Release|Any CPU.ActiveCfg = Release|Any CPU
		{05244779-B7EE-4279-AE0D-74D06D94CBAD}.Release|Any CPU.Build.0 = Release|Any CPU
		{8C45851B-EC3D-43A8-BC2A-5EFA8F48EBFF}.Debug|Any CPU.ActiveCfg = Debug|Any CPU
		{8C45851B-EC3D-43A8-BC2A-5EFA8F48EBFF}.Debug|Any CPU.Build.0 = Debug|Any CPU
		{8C45851B-EC3D-43A8-BC2A-5EFA8F48EBFF}.Release|Any CPU.ActiveCfg = Release|Any CPU
		{8C45851B-EC3D-43A8-BC2A-5EFA8F48EBFF}.Release|Any CPU.Build.0 = Release|Any CPU
	EndGlobalSection
	GlobalSection(SolutionProperties) = preSolution
		HideSolutionNode = FALSE
	EndGlobalSection
	GlobalSection(ExtensibilityGlobals) = postSolution
		SolutionGuid = {F350AB5E-3EA2-4426-B850-F0BFC5191225}
	EndGlobalSection
EndGlobal
